
Microsoft Visual Studio Solution File, Format Version 12.00
# Visual Studio Version 17
VisualStudioVersion = 17.4.33403.182
MinimumVisualStudioVersion = 10.0.40219.1
Project("{FAE04EC0-301F-11D3-BF4B-00C04F79EFBC}") = "Chess", "Chess.csproj", "{6D872987-67EB-4D1F-9C91-1FA9BF946BBF}"
EndProject
Global
	GlobalSection(SolutionConfigurationPlatforms) = preSolution
		Debug|Any CPU = Debug|Any CPU
		Release|Any CPU = Release|Any CPU
	EndGlobalSection
	GlobalSection(ProjectConfigurationPlatforms) = postSolution
		{6D872987-67EB-4D1F-9C91-1FA9BF946BBF}.Debug|Any CPU.ActiveCfg = Debug|Any CPU
		{6D872987-67EB-4D1F-9C91-1FA9BF946BBF}.Debug|Any CPU.Build.0 = Debug|Any CPU
		{6D872987-67EB-4D1F-9C91-1FA9BF946BBF}.Release|Any CPU.ActiveCfg = Release|Any CPU
		{6D872987-67EB-4D1F-9C91-1FA9BF946BBF}.Release|Any CPU.Build.0 = Release|Any CPU
	EndGlobalSection
	GlobalSection(SolutionProperties) = preSolution
		HideSolutionNode = FALSE
	EndGlobalSection
	GlobalSection(ExtensibilityGlobals) = postSolution
		SolutionGuid = {92929C4A-E3D8-40D3-B3FD-98745E08614B}
	EndGlobalSection
EndGlobal
